
Microsoft Visual Studio Solution File, Format Version 12.00
# Visual Studio 15
VisualStudioVersion = 15.0.26430.16
MinimumVisualStudioVersion = 10.0.40219.1
Project("{FAE04EC0-301F-11D3-BF4B-00C04F79EFBC}") = "KBVchat_PC", "KBVchat_PC\KBVchat_PC.csproj", "{537B0CE5-6574-42A5-920C-3567544DC563}"
EndProject
Project("{FAE04EC0-301F-11D3-BF4B-00C04F79EFBC}") = "Domain", "Domain\Domain.csproj", "{C88BA215-EF5F-4D41-BB0A-015D07651AAB}"
EndProject
Project("{FAE04EC0-301F-11D3-BF4B-00C04F79EFBC}") = "DataAccess", "DataAccess\DataAccess.csproj", "{3444A42E-B46E-479D-A30A-E235B5EB5191}"
	ProjectSection(ProjectDependencies) = postProject
		{C88BA215-EF5F-4D41-BB0A-015D07651AAB} = {C88BA215-EF5F-4D41-BB0A-015D07651AAB}
	EndProjectSection
EndProject
Global
	GlobalSection(SolutionConfigurationPlatforms) = preSolution
		Debug|Any CPU = Debug|Any CPU
		Release|Any CPU = Release|Any CPU
	EndGlobalSection
	GlobalSection(ProjectConfigurationPlatforms) = postSolution
		{537B0CE5-6574-42A5-920C-3567544DC563}.Debug|Any CPU.ActiveCfg = Debug|Any CPU
		{537B0CE5-6574-42A5-920C-3567544DC563}.Debug|Any CPU.Build.0 = Debug|Any CPU
		{537B0CE5-6574-42A5-920C-3567544DC563}.Release|Any CPU.ActiveCfg = Release|Any CPU
		{537B0CE5-6574-42A5-920C-3567544DC563}.Release|Any CPU.Build.0 = Release|Any CPU
		{C88BA215-EF5F-4D41-BB0A-015D07651AAB}.Debug|Any CPU.ActiveCfg = Debug|Any CPU
		{C88BA215-EF5F-4D41-BB0A-015D07651AAB}.Debug|Any CPU.Build.0 = Debug|Any CPU
		{C88BA215-EF5F-4D41-BB0A-015D07651AAB}.Release|Any CPU.ActiveCfg = Release|Any CPU
		{C88BA215-EF5F-4D41-BB0A-015D07651AAB}.Release|Any CPU.Build.0 = Release|Any CPU
		{3444A42E-B46E-479D-A30A-E235B5EB5191}.Debug|Any CPU.ActiveCfg = Debug|Any CPU
		{3444A42E-B46E-479D-A30A-E235B5EB5191}.Debug|Any CPU.Build.0 = Debug|Any CPU
		{3444A42E-B46E-479D-A30A-E235B5EB5191}.Release|Any CPU.ActiveCfg = Release|Any CPU
		{3444A42E-B46E-479D-A30A-E235B5EB5191}.Release|Any CPU.Build.0 = Release|Any CPU
	EndGlobalSection
	GlobalSection(SolutionProperties) = preSolution
		HideSolutionNode = FALSE
	EndGlobalSection
EndGlobal
