
Microsoft Visual Studio Solution File, Format Version 12.00
# Visual Studio 15
VisualStudioVersion = 15.0.27130.2010
MinimumVisualStudioVersion = 10.0.40219.1
Project("{FAE04EC0-301F-11D3-BF4B-00C04F79EFBC}") = "Domain", "Domain\Domain.csproj", "{C88BA215-EF5F-4D41-BB0A-015D07651AAB}"
	ProjectSection(ProjectDependencies) = postProject
		{822E7921-1CBD-4D01-94FC-F30FBFC704B7} = {822E7921-1CBD-4D01-94FC-F30FBFC704B7}
	EndProjectSection
EndProject
Project("{FAE04EC0-301F-11D3-BF4B-00C04F79EFBC}") = "DataAccess", "DataAccess\DataAccess.csproj", "{3444A42E-B46E-479D-A30A-E235B5EB5191}"
	ProjectSection(ProjectDependencies) = postProject
		{C88BA215-EF5F-4D41-BB0A-015D07651AAB} = {C88BA215-EF5F-4D41-BB0A-015D07651AAB}
		{822E7921-1CBD-4D01-94FC-F30FBFC704B7} = {822E7921-1CBD-4D01-94FC-F30FBFC704B7}
	EndProjectSection
EndProject
Project("{FAE04EC0-301F-11D3-BF4B-00C04F79EFBC}") = "BusinessLogic", "BusinessLogic\BusinessLogic.csproj", "{99AC112C-B4BF-4DC1-BC05-4120F66287EF}"
	ProjectSection(ProjectDependencies) = postProject
		{C88BA215-EF5F-4D41-BB0A-015D07651AAB} = {C88BA215-EF5F-4D41-BB0A-015D07651AAB}
		{822E7921-1CBD-4D01-94FC-F30FBFC704B7} = {822E7921-1CBD-4D01-94FC-F30FBFC704B7}
		{3444A42E-B46E-479D-A30A-E235B5EB5191} = {3444A42E-B46E-479D-A30A-E235B5EB5191}
		{D1909DE0-5A03-4468-8CC1-B7A3BD662F83} = {D1909DE0-5A03-4468-8CC1-B7A3BD662F83}
		{C15653E1-31C5-44FE-85E0-7BFF53F4341F} = {C15653E1-31C5-44FE-85E0-7BFF53F4341F}
	EndProjectSection
EndProject
Project("{FAE04EC0-301F-11D3-BF4B-00C04F79EFBC}") = "KVBchat_Service", "KVBchat_Service\KVBchat_Service.csproj", "{D36503A0-31F0-4119-B247-083913DDB5B2}"
	ProjectSection(ProjectDependencies) = postProject
		{C88BA215-EF5F-4D41-BB0A-015D07651AAB} = {C88BA215-EF5F-4D41-BB0A-015D07651AAB}
		{822E7921-1CBD-4D01-94FC-F30FBFC704B7} = {822E7921-1CBD-4D01-94FC-F30FBFC704B7}
		{99AC112C-B4BF-4DC1-BC05-4120F66287EF} = {99AC112C-B4BF-4DC1-BC05-4120F66287EF}
		{3444A42E-B46E-479D-A30A-E235B5EB5191} = {3444A42E-B46E-479D-A30A-E235B5EB5191}
	EndProjectSection
EndProject
Project("{FAE04EC0-301F-11D3-BF4B-00C04F79EFBC}") = "KVBchat_ASP", "KVBchat_ASP\KVBchat_ASP.csproj", "{D6AA60A3-A8DD-4211-8323-D24713D63B75}"
	ProjectSection(ProjectDependencies) = postProject
		{C88BA215-EF5F-4D41-BB0A-015D07651AAB} = {C88BA215-EF5F-4D41-BB0A-015D07651AAB}
		{822E7921-1CBD-4D01-94FC-F30FBFC704B7} = {822E7921-1CBD-4D01-94FC-F30FBFC704B7}
		{99AC112C-B4BF-4DC1-BC05-4120F66287EF} = {99AC112C-B4BF-4DC1-BC05-4120F66287EF}
		{3444A42E-B46E-479D-A30A-E235B5EB5191} = {3444A42E-B46E-479D-A30A-E235B5EB5191}
		{EE3D05F5-3AE5-4B5D-B29D-ACD53542BCA4} = {EE3D05F5-3AE5-4B5D-B29D-ACD53542BCA4}
	EndProjectSection
EndProject
Project("{FAE04EC0-301F-11D3-BF4B-00C04F79EFBC}") = "Utility", "Utility\Utility.csproj", "{822E7921-1CBD-4D01-94FC-F30FBFC704B7}"
EndProject
Project("{FAE04EC0-301F-11D3-BF4B-00C04F79EFBC}") = "GoogleDriveAPI", "GoogleDriveAPI\GoogleDriveAPI.csproj", "{C15653E1-31C5-44FE-85E0-7BFF53F4341F}"
EndProject
Project("{FAE04EC0-301F-11D3-BF4B-00C04F79EFBC}") = "BJ", "BJ\BJ.csproj", "{EE3D05F5-3AE5-4B5D-B29D-ACD53542BCA4}"
EndProject
Project("{FAE04EC0-301F-11D3-BF4B-00C04F79EFBC}") = "Poker", "Poker\Poker.csproj", "{E6FB0830-63FB-40AD-9F46-365A6241A808}"
EndProject
Project("{FAE04EC0-301F-11D3-BF4B-00C04F79EFBC}") = "BackpropagationNetwork", "BackpropagationNetwork\BackpropagationNetwork.csproj", "{D1909DE0-5A03-4468-8CC1-B7A3BD662F83}"
EndProject
Project("{FAE04EC0-301F-11D3-BF4B-00C04F79EFBC}") = "BackpropagationNetworkTrainer", "BackpropagationNetworkTrainer\BackpropagationNetworkTrainer.csproj", "{80147F5E-59A5-43D4-8B37-19CA29792114}"
EndProject
Project("{FAE04EC0-301F-11D3-BF4B-00C04F79EFBC}") = "BlackjackGamesGenerator", "BlackjackGamesGenerator\BlackjackGamesGenerator.csproj", "{A517F5E9-1046-44B7-8461-5AF37C923FEB}"
EndProject
Global
	GlobalSection(SolutionConfigurationPlatforms) = preSolution
		Debug|Any CPU = Debug|Any CPU
		Release|Any CPU = Release|Any CPU
	EndGlobalSection
	GlobalSection(ProjectConfigurationPlatforms) = postSolution
		{C88BA215-EF5F-4D41-BB0A-015D07651AAB}.Debug|Any CPU.ActiveCfg = Debug|Any CPU
		{C88BA215-EF5F-4D41-BB0A-015D07651AAB}.Debug|Any CPU.Build.0 = Debug|Any CPU
		{C88BA215-EF5F-4D41-BB0A-015D07651AAB}.Release|Any CPU.ActiveCfg = Release|Any CPU
		{C88BA215-EF5F-4D41-BB0A-015D07651AAB}.Release|Any CPU.Build.0 = Release|Any CPU
		{3444A42E-B46E-479D-A30A-E235B5EB5191}.Debug|Any CPU.ActiveCfg = Debug|Any CPU
		{3444A42E-B46E-479D-A30A-E235B5EB5191}.Debug|Any CPU.Build.0 = Debug|Any CPU
		{3444A42E-B46E-479D-A30A-E235B5EB5191}.Release|Any CPU.ActiveCfg = Release|Any CPU
		{3444A42E-B46E-479D-A30A-E235B5EB5191}.Release|Any CPU.Build.0 = Release|Any CPU
		{99AC112C-B4BF-4DC1-BC05-4120F66287EF}.Debug|Any CPU.ActiveCfg = Debug|Any CPU
		{99AC112C-B4BF-4DC1-BC05-4120F66287EF}.Debug|Any CPU.Build.0 = Debug|Any CPU
		{99AC112C-B4BF-4DC1-BC05-4120F66287EF}.Release|Any CPU.ActiveCfg = Release|Any CPU
		{99AC112C-B4BF-4DC1-BC05-4120F66287EF}.Release|Any CPU.Build.0 = Release|Any CPU
		{D36503A0-31F0-4119-B247-083913DDB5B2}.Debug|Any CPU.ActiveCfg = Debug|Any CPU
		{D36503A0-31F0-4119-B247-083913DDB5B2}.Debug|Any CPU.Build.0 = Debug|Any CPU
		{D36503A0-31F0-4119-B247-083913DDB5B2}.Release|Any CPU.ActiveCfg = Release|Any CPU
		{D36503A0-31F0-4119-B247-083913DDB5B2}.Release|Any CPU.Build.0 = Release|Any CPU
		{D6AA60A3-A8DD-4211-8323-D24713D63B75}.Debug|Any CPU.ActiveCfg = Debug|Any CPU
		{D6AA60A3-A8DD-4211-8323-D24713D63B75}.Debug|Any CPU.Build.0 = Debug|Any CPU
		{D6AA60A3-A8DD-4211-8323-D24713D63B75}.Release|Any CPU.ActiveCfg = Release|Any CPU
		{D6AA60A3-A8DD-4211-8323-D24713D63B75}.Release|Any CPU.Build.0 = Release|Any CPU
		{822E7921-1CBD-4D01-94FC-F30FBFC704B7}.Debug|Any CPU.ActiveCfg = Debug|Any CPU
		{822E7921-1CBD-4D01-94FC-F30FBFC704B7}.Debug|Any CPU.Build.0 = Debug|Any CPU
		{822E7921-1CBD-4D01-94FC-F30FBFC704B7}.Release|Any CPU.ActiveCfg = Release|Any CPU
		{822E7921-1CBD-4D01-94FC-F30FBFC704B7}.Release|Any CPU.Build.0 = Release|Any CPU
		{C15653E1-31C5-44FE-85E0-7BFF53F4341F}.Debug|Any CPU.ActiveCfg = Debug|Any CPU
		{C15653E1-31C5-44FE-85E0-7BFF53F4341F}.Debug|Any CPU.Build.0 = Debug|Any CPU
		{C15653E1-31C5-44FE-85E0-7BFF53F4341F}.Release|Any CPU.ActiveCfg = Release|Any CPU
		{C15653E1-31C5-44FE-85E0-7BFF53F4341F}.Release|Any CPU.Build.0 = Release|Any CPU
		{EE3D05F5-3AE5-4B5D-B29D-ACD53542BCA4}.Debug|Any CPU.ActiveCfg = Debug|Any CPU
		{EE3D05F5-3AE5-4B5D-B29D-ACD53542BCA4}.Debug|Any CPU.Build.0 = Debug|Any CPU
		{EE3D05F5-3AE5-4B5D-B29D-ACD53542BCA4}.Release|Any CPU.ActiveCfg = Release|Any CPU
		{EE3D05F5-3AE5-4B5D-B29D-ACD53542BCA4}.Release|Any CPU.Build.0 = Release|Any CPU
		{E6FB0830-63FB-40AD-9F46-365A6241A808}.Debug|Any CPU.ActiveCfg = Debug|Any CPU
		{E6FB0830-63FB-40AD-9F46-365A6241A808}.Debug|Any CPU.Build.0 = Debug|Any CPU
		{E6FB0830-63FB-40AD-9F46-365A6241A808}.Release|Any CPU.ActiveCfg = Release|Any CPU
		{E6FB0830-63FB-40AD-9F46-365A6241A808}.Release|Any CPU.Build.0 = Release|Any CPU
		{D1909DE0-5A03-4468-8CC1-B7A3BD662F83}.Debug|Any CPU.ActiveCfg = Debug|Any CPU
		{D1909DE0-5A03-4468-8CC1-B7A3BD662F83}.Debug|Any CPU.Build.0 = Debug|Any CPU
		{D1909DE0-5A03-4468-8CC1-B7A3BD662F83}.Release|Any CPU.ActiveCfg = Release|Any CPU
		{D1909DE0-5A03-4468-8CC1-B7A3BD662F83}.Release|Any CPU.Build.0 = Release|Any CPU
		{80147F5E-59A5-43D4-8B37-19CA29792114}.Debug|Any CPU.ActiveCfg = Debug|Any CPU
		{80147F5E-59A5-43D4-8B37-19CA29792114}.Debug|Any CPU.Build.0 = Debug|Any CPU
		{80147F5E-59A5-43D4-8B37-19CA29792114}.Release|Any CPU.ActiveCfg = Release|Any CPU
		{80147F5E-59A5-43D4-8B37-19CA29792114}.Release|Any CPU.Build.0 = Release|Any CPU
		{A517F5E9-1046-44B7-8461-5AF37C923FEB}.Debug|Any CPU.ActiveCfg = Debug|Any CPU
		{A517F5E9-1046-44B7-8461-5AF37C923FEB}.Debug|Any CPU.Build.0 = Debug|Any CPU
		{A517F5E9-1046-44B7-8461-5AF37C923FEB}.Release|Any CPU.ActiveCfg = Release|Any CPU
		{A517F5E9-1046-44B7-8461-5AF37C923FEB}.Release|Any CPU.Build.0 = Release|Any CPU
	EndGlobalSection
	GlobalSection(SolutionProperties) = preSolution
		HideSolutionNode = FALSE
	EndGlobalSection
	GlobalSection(ExtensibilityGlobals) = postSolution
		SolutionGuid = {E035EC96-8D38-4722-8A53-ADF3908025A3}
	EndGlobalSection
EndGlobal
